
Microsoft Visual Studio Solution File, Format Version 12.00
# Visual Studio Version 17
VisualStudioVersion = 17.5.002.0
MinimumVisualStudioVersion = 10.0.40219.1
Project("{9A19103F-16F7-4668-BE54-9A1E7A4F7556}") = "backend", "backend\backend.csproj", "{4D7D1792-11BF-4BD9-84DD-FE48CF1CF958}"
EndProject
Global
	GlobalSection(SolutionConfigurationPlatforms) = preSolution
		Debug|Any CPU = Debug|Any CPU
		Release|Any CPU = Release|Any CPU
	EndGlobalSection
	GlobalSection(ProjectConfigurationPlatforms) = postSolution
		{4D7D1792-11BF-4BD9-84DD-FE48CF1CF958}.Debug|Any CPU.ActiveCfg = Debug|Any CPU
		{4D7D1792-11BF-4BD9-84DD-FE48CF1CF958}.Debug|Any CPU.Build.0 = Debug|Any CPU
		{4D7D1792-11BF-4BD9-84DD-FE48CF1CF958}.Release|Any CPU.ActiveCfg = Release|Any CPU
		{4D7D1792-11BF-4BD9-84DD-FE48CF1CF958}.Release|Any CPU.Build.0 = Release|Any CPU
	EndGlobalSection
	GlobalSection(SolutionProperties) = preSolution
		HideSolutionNode = FALSE
	EndGlobalSection
	GlobalSection(ExtensibilityGlobals) = postSolution
		SolutionGuid = {02EE0F06-7B16-4969-A054-4C0B0DCFCC78}
	EndGlobalSection
EndGlobal
